
Microsoft Visual Studio Solution File, Format Version 12.00
# Visual Studio Version 17
VisualStudioVersion = 17.0.31903.59
MinimumVisualStudioVersion = 10.0.40219.1
Project("{2150E333-8FDC-42A3-9474-1A3956D46DE8}") = "src", "src", "{B9DA6CF0-897B-4BFB-A23E-00416D11174D}"
EndProject
Project("{FAE04EC0-301F-11D3-BF4B-00C04F79EFBC}") = "OnlineShop.BuildingBlocks", "src\BuildingBlocks\OnlineShop.BuildingBlocks.csproj", "{B0A8AD46-DA7A-489C-B0DB-A786EDF19A6F}"
EndProject
Project("{FAE04EC0-301F-11D3-BF4B-00C04F79EFBC}") = "OnlineShop.Api", "src\Api\OnlineShop.Api.csproj", "{CD64E2C3-C21C-4F1C-AF28-4286F059B864}"
EndProject
Project("{2150E333-8FDC-42A3-9474-1A3956D46DE8}") = "Modules", "Modules", "{18DACFD7-3144-4033-9B9C-32922E575216}"
EndProject
Project("{2150E333-8FDC-42A3-9474-1A3956D46DE8}") = "Identity", "Identity", "{E4D51B2E-D657-428F-ABE2-7830D3823060}"
EndProject
Project("{FAE04EC0-301F-11D3-BF4B-00C04F79EFBC}") = "OnlineShop.Modules.Identity.Domain", "src\Modules\Identity\Domain\OnlineShop.Modules.Identity.Domain.csproj", "{7E3C1C1B-4603-40B3-A9FA-3114FD989E99}"
EndProject
Project("{FAE04EC0-301F-11D3-BF4B-00C04F79EFBC}") = "OnlineShop.Modules.Identity.Application", "src\Modules\Identity\Application\OnlineShop.Modules.Identity.Application.csproj", "{78E6C84D-6FC9-4EC5-B755-64A7F6568D92}"
EndProject
Project("{FAE04EC0-301F-11D3-BF4B-00C04F79EFBC}") = "OnlineShop.Modules.Identity.Infrastructure", "src\Modules\Identity\Infrastructure\OnlineShop.Modules.Identity.Infrastructure.csproj", "{2F921A93-BAD0-410B-ADB6-B0D736EE5B52}"
EndProject
Project("{2150E333-8FDC-42A3-9474-1A3956D46DE8}") = "Catalog", "Catalog", "{38C95C60-C793-4FE7-AD23-347FA892524A}"
EndProject
Project("{FAE04EC0-301F-11D3-BF4B-00C04F79EFBC}") = "OnlineShop.Modules.Catalog.Domain", "src\Modules\Catalog\Domain\OnlineShop.Modules.Catalog.Domain.csproj", "{0B5A2D78-D19D-43B0-B6C8-05A5D647AA98}"
EndProject
Project("{FAE04EC0-301F-11D3-BF4B-00C04F79EFBC}") = "OnlineShop.Modules.Catalog.Application", "src\Modules\Catalog\Application\OnlineShop.Modules.Catalog.Application.csproj", "{15CFE563-0648-438E-83DF-82932F3F5864}"
EndProject
Project("{FAE04EC0-301F-11D3-BF4B-00C04F79EFBC}") = "OnlineShop.Modules.Catalog.Infrastructure", "src\Modules\Catalog\Infrastructure\OnlineShop.Modules.Catalog.Infrastructure.csproj", "{06753BCA-988B-4449-9FC8-D8B4BB276CCE}"
EndProject
Project("{2150E333-8FDC-42A3-9474-1A3956D46DE8}") = "Inventory", "Inventory", "{A792C24A-53B9-43C1-B44C-D04E82327698}"
EndProject
Project("{FAE04EC0-301F-11D3-BF4B-00C04F79EFBC}") = "OnlineShop.Modules.Inventory.Domain", "src\Modules\Inventory\Domain\OnlineShop.Modules.Inventory.Domain.csproj", "{C9B93070-900F-420E-86FC-93F4DEEF17CB}"
EndProject
Project("{FAE04EC0-301F-11D3-BF4B-00C04F79EFBC}") = "OnlineShop.Modules.Inventory.Application", "src\Modules\Inventory\Application\OnlineShop.Modules.Inventory.Application.csproj", "{384023AB-016E-448A-95B8-1989D3967909}"
EndProject
Project("{FAE04EC0-301F-11D3-BF4B-00C04F79EFBC}") = "OnlineShop.Modules.Inventory.Infrastructure", "src\Modules\Inventory\Infrastructure\OnlineShop.Modules.Inventory.Infrastructure.csproj", "{514D8201-8B5B-4A4D-AA26-A8B79D7B5DE7}"
EndProject
Project("{2150E333-8FDC-42A3-9474-1A3956D46DE8}") = "Ordering", "Ordering", "{5333BE67-CFC4-4405-96DE-15877875EB17}"
EndProject
Project("{FAE04EC0-301F-11D3-BF4B-00C04F79EFBC}") = "OnlineShop.Modules.Ordering.Domain", "src\Modules\Ordering\Domain\OnlineShop.Modules.Ordering.Domain.csproj", "{65064261-C57E-4295-A569-56B960C1462A}"
EndProject
Project("{FAE04EC0-301F-11D3-BF4B-00C04F79EFBC}") = "OnlineShop.Modules.Ordering.Application", "src\Modules\Ordering\Application\OnlineShop.Modules.Ordering.Application.csproj", "{89AA263D-AF16-429C-8221-275A17136F3F}"
EndProject
Project("{FAE04EC0-301F-11D3-BF4B-00C04F79EFBC}") = "OnlineShop.Modules.Ordering.Infrastructure", "src\Modules\Ordering\Infrastructure\OnlineShop.Modules.Ordering.Infrastructure.csproj", "{7B2342EC-1E7B-40A9-BB89-B5C8A4BDFE2C}"
EndProject
Project("{2150E333-8FDC-42A3-9474-1A3956D46DE8}") = "AiAdvisory", "AiAdvisory", "{0E0B698B-F7F0-4DC4-AF4E-0B2677A2FBE7}"
EndProject
Project("{FAE04EC0-301F-11D3-BF4B-00C04F79EFBC}") = "OnlineShop.Modules.AiAdvisory.Domain", "src\Modules\AiAdvisory\Domain\OnlineShop.Modules.AiAdvisory.Domain.csproj", "{50496F75-EF0B-4F43-B7F1-B06CB72A352B}"
EndProject
Project("{FAE04EC0-301F-11D3-BF4B-00C04F79EFBC}") = "OnlineShop.Modules.AiAdvisory.Application", "src\Modules\AiAdvisory\Application\OnlineShop.Modules.AiAdvisory.Application.csproj", "{08B72F31-AC41-4C46-97C6-A796061EFE7B}"
EndProject
Project("{FAE04EC0-301F-11D3-BF4B-00C04F79EFBC}") = "OnlineShop.Modules.AiAdvisory.Infrastructure", "src\Modules\AiAdvisory\Infrastructure\OnlineShop.Modules.AiAdvisory.Infrastructure.csproj", "{B5E6164C-A5EA-4A77-B1B6-8F6902EBF12A}"
EndProject
Project("{2150E333-8FDC-42A3-9474-1A3956D46DE8}") = "Notification", "Notification", "{0C093623-F60B-4D1C-929B-85D36E19284D}"
EndProject
Project("{FAE04EC0-301F-11D3-BF4B-00C04F79EFBC}") = "OnlineShop.Modules.Notification.Domain", "src\Modules\Notification\Domain\OnlineShop.Modules.Notification.Domain.csproj", "{29740349-8E53-4BCB-936B-7257AA207D28}"
EndProject
Project("{FAE04EC0-301F-11D3-BF4B-00C04F79EFBC}") = "OnlineShop.Modules.Notification.Application", "src\Modules\Notification\Application\OnlineShop.Modules.Notification.Application.csproj", "{3771439C-0D46-4734-8146-4C58291BFAE4}"
EndProject
Project("{FAE04EC0-301F-11D3-BF4B-00C04F79EFBC}") = "OnlineShop.Modules.Notification.Infrastructure", "src\Modules\Notification\Infrastructure\OnlineShop.Modules.Notification.Infrastructure.csproj", "{FC3FE2DB-9E3D-4BAD-9D18-93AC0FDCB8B5}"
EndProject
Project("{2150E333-8FDC-42A3-9474-1A3956D46DE8}") = "TelegramBot", "TelegramBot", "{983EB6C5-D592-E400-C4D8-85C31C00863D}"
EndProject
Project("{FAE04EC0-301F-11D3-BF4B-00C04F79EFBC}") = "OnlineShop.TelegramBot", "src\TelegramBot\OnlineShop.TelegramBot.csproj", "{A0E8FD7C-74A3-446A-B509-026C2B00E42F}"
EndProject
Project("{2150E333-8FDC-42A3-9474-1A3956D46DE8}") = "tests", "tests", "{0AB3BF05-4346-4AA6-1389-037BE0695223}"
EndProject
Project("{FAE04EC0-301F-11D3-BF4B-00C04F79EFBC}") = "OnlineShop.UnitTests", "tests\OnlineShop.UnitTests\OnlineShop.UnitTests.csproj", "{BF2CCC30-2F71-4FEC-AA4E-5E0F35D96500}"
EndProject
Project("{2150E333-8FDC-42A3-9474-1A3956D46DE8}") = "BuildingBlocks", "BuildingBlocks", "{937AE5E0-CA9B-20CC-BF88-1420C2606093}"
EndProject
Project("{2150E333-8FDC-42A3-9474-1A3956D46DE8}") = "Domain", "Domain", "{B30E42A4-BD7A-215F-526E-B4D6EB03CFBF}"
EndProject
Project("{2150E333-8FDC-42A3-9474-1A3956D46DE8}") = "Domain", "Domain", "{FDD4AB17-B7D7-20A8-8F3F-511669C6759F}"
EndProject
Project("{2150E333-8FDC-42A3-9474-1A3956D46DE8}") = "Domain", "Domain", "{C75F00F6-17A6-5CD8-9F70-4E51F944BCAF}"
EndProject
Project("{2150E333-8FDC-42A3-9474-1A3956D46DE8}") = "Domain", "Domain", "{2CE656D1-A470-0BA6-0D8C-956630721EF3}"
EndProject
Project("{FAE04EC0-301F-11D3-BF4B-00C04F79EFBC}") = "OnlineShop.IntegrationTests", "tests\OnlineShop.IntegrationTests\OnlineShop.IntegrationTests.csproj", "{B51B35F8-3CBE-4DA7-8FA7-4A4438376241}"
EndProject
Project("{2150E333-8FDC-42A3-9474-1A3956D46DE8}") = "Api", "Api", "{10BC16A3-B566-1377-52F4-C36D166C12BE}"
EndProject
Global
	GlobalSection(SolutionConfigurationPlatforms) = preSolution
		Debug|Any CPU = Debug|Any CPU
		Debug|x64 = Debug|x64
		Debug|x86 = Debug|x86
		Release|Any CPU = Release|Any CPU
		Release|x64 = Release|x64
		Release|x86 = Release|x86
	EndGlobalSection
	GlobalSection(ProjectConfigurationPlatforms) = postSolution
		{B0A8AD46-DA7A-489C-B0DB-A786EDF19A6F}.Debug|Any CPU.ActiveCfg = Debug|Any CPU
		{B0A8AD46-DA7A-489C-B0DB-A786EDF19A6F}.Debug|Any CPU.Build.0 = Debug|Any CPU
		{B0A8AD46-DA7A-489C-B0DB-A786EDF19A6F}.Debug|x64.ActiveCfg = Debug|Any CPU
		{B0A8AD46-DA7A-489C-B0DB-A786EDF19A6F}.Debug|x64.Build.0 = Debug|Any CPU
		{B0A8AD46-DA7A-489C-B0DB-A786EDF19A6F}.Debug|x86.ActiveCfg = Debug|Any CPU
		{B0A8AD46-DA7A-489C-B0DB-A786EDF19A6F}.Debug|x86.Build.0 = Debug|Any CPU
		{B0A8AD46-DA7A-489C-B0DB-A786EDF19A6F}.Release|Any CPU.ActiveCfg = Release|Any CPU
		{B0A8AD46-DA7A-489C-B0DB-A786EDF19A6F}.Release|Any CPU.Build.0 = Release|Any CPU
		{B0A8AD46-DA7A-489C-B0DB-A786EDF19A6F}.Release|x64.ActiveCfg = Release|Any CPU
		{B0A8AD46-DA7A-489C-B0DB-A786EDF19A6F}.Release|x64.Build.0 = Release|Any CPU
		{B0A8AD46-DA7A-489C-B0DB-A786EDF19A6F}.Release|x86.ActiveCfg = Release|Any CPU
		{B0A8AD46-DA7A-489C-B0DB-A786EDF19A6F}.Release|x86.Build.0 = Release|Any CPU
		{CD64E2C3-C21C-4F1C-AF28-4286F059B864}.Debug|Any CPU.ActiveCfg = Debug|Any CPU
		{CD64E2C3-C21C-4F1C-AF28-4286F059B864}.Debug|Any CPU.Build.0 = Debug|Any CPU
		{CD64E2C3-C21C-4F1C-AF28-4286F059B864}.Debug|x64.ActiveCfg = Debug|Any CPU
		{CD64E2C3-C21C-4F1C-AF28-4286F059B864}.Debug|x64.Build.0 = Debug|Any CPU
		{CD64E2C3-C21C-4F1C-AF28-4286F059B864}.Debug|x86.ActiveCfg = Debug|Any CPU
		{CD64E2C3-C21C-4F1C-AF28-4286F059B864}.Debug|x86.Build.0 = Debug|Any CPU
		{CD64E2C3-C21C-4F1C-AF28-4286F059B864}.Release|Any CPU.ActiveCfg = Release|Any CPU
		{CD64E2C3-C21C-4F1C-AF28-4286F059B864}.Release|Any CPU.Build.0 = Release|Any CPU
		{CD64E2C3-C21C-4F1C-AF28-4286F059B864}.Release|x64.ActiveCfg = Release|Any CPU
		{CD64E2C3-C21C-4F1C-AF28-4286F059B864}.Release|x64.Build.0 = Release|Any CPU
		{CD64E2C3-C21C-4F1C-AF28-4286F059B864}.Release|x86.ActiveCfg = Release|Any CPU
		{CD64E2C3-C21C-4F1C-AF28-4286F059B864}.Release|x86.Build.0 = Release|Any CPU
		{7E3C1C1B-4603-40B3-A9FA-3114FD989E99}.Debug|Any CPU.ActiveCfg = Debug|Any CPU
		{7E3C1C1B-4603-40B3-A9FA-3114FD989E99}.Debug|Any CPU.Build.0 = Debug|Any CPU
		{7E3C1C1B-4603-40B3-A9FA-3114FD989E99}.Debug|x64.ActiveCfg = Debug|Any CPU
		{7E3C1C1B-4603-40B3-A9FA-3114FD989E99}.Debug|x64.Build.0 = Debug|Any CPU
		{7E3C1C1B-4603-40B3-A9FA-3114FD989E99}.Debug|x86.ActiveCfg = Debug|Any CPU
		{7E3C1C1B-4603-40B3-A9FA-3114FD989E99}.Debug|x86.Build.0 = Debug|Any CPU
		{7E3C1C1B-4603-40B3-A9FA-3114FD989E99}.Release|Any CPU.ActiveCfg = Release|Any CPU
		{7E3C1C1B-4603-40B3-A9FA-3114FD989E99}.Release|Any CPU.Build.0 = Release|Any CPU
		{7E3C1C1B-4603-40B3-A9FA-3114FD989E99}.Release|x64.ActiveCfg = Release|Any CPU
		{7E3C1C1B-4603-40B3-A9FA-3114FD989E99}.Release|x64.Build.0 = Release|Any CPU
		{7E3C1C1B-4603-40B3-A9FA-3114FD989E99}.Release|x86.ActiveCfg = Release|Any CPU
		{7E3C1C1B-4603-40B3-A9FA-3114FD989E99}.Release|x86.Build.0 = Release|Any CPU
		{78E6C84D-6FC9-4EC5-B755-64A7F6568D92}.Debug|Any CPU.ActiveCfg = Debug|Any CPU
		{78E6C84D-6FC9-4EC5-B755-64A7F6568D92}.Debug|Any CPU.Build.0 = Debug|Any CPU
		{78E6C84D-6FC9-4EC5-B755-64A7F6568D92}.Debug|x64.ActiveCfg = Debug|Any CPU
		{78E6C84D-6FC9-4EC5-B755-64A7F6568D92}.Debug|x64.Build.0 = Debug|Any CPU
		{78E6C84D-6FC9-4EC5-B755-64A7F6568D92}.Debug|x86.ActiveCfg = Debug|Any CPU
		{78E6C84D-6FC9-4EC5-B755-64A7F6568D92}.Debug|x86.Build.0 = Debug|Any CPU
		{78E6C84D-6FC9-4EC5-B755-64A7F6568D92}.Release|Any CPU.ActiveCfg = Release|Any CPU
		{78E6C84D-6FC9-4EC5-B755-64A7F6568D92}.Release|Any CPU.Build.0 = Release|Any CPU
		{78E6C84D-6FC9-4EC5-B755-64A7F6568D92}.Release|x64.ActiveCfg = Release|Any CPU
		{78E6C84D-6FC9-4EC5-B755-64A7F6568D92}.Release|x64.Build.0 = Release|Any CPU
		{78E6C84D-6FC9-4EC5-B755-64A7F6568D92}.Release|x86.ActiveCfg = Release|Any CPU
		{78E6C84D-6FC9-4EC5-B755-64A7F6568D92}.Release|x86.Build.0 = Release|Any CPU
		{2F921A93-BAD0-410B-ADB6-B0D736EE5B52}.Debug|Any CPU.ActiveCfg = Debug|Any CPU
		{2F921A93-BAD0-410B-ADB6-B0D736EE5B52}.Debug|Any CPU.Build.0 = Debug|Any CPU
		{2F921A93-BAD0-410B-ADB6-B0D736EE5B52}.Debug|x64.ActiveCfg = Debug|Any CPU
		{2F921A93-BAD0-410B-ADB6-B0D736EE5B52}.Debug|x64.Build.0 = Debug|Any CPU
		{2F921A93-BAD0-410B-ADB6-B0D736EE5B52}.Debug|x86.ActiveCfg = Debug|Any CPU
		{2F921A93-BAD0-410B-ADB6-B0D736EE5B52}.Debug|x86.Build.0 = Debug|Any CPU
		{2F921A93-BAD0-410B-ADB6-B0D736EE5B52}.Release|Any CPU.ActiveCfg = Release|Any CPU
		{2F921A93-BAD0-410B-ADB6-B0D736EE5B52}.Release|Any CPU.Build.0 = Release|Any CPU
		{2F921A93-BAD0-410B-ADB6-B0D736EE5B52}.Release|x64.ActiveCfg = Release|Any CPU
		{2F921A93-BAD0-410B-ADB6-B0D736EE5B52}.Release|x64.Build.0 = Release|Any CPU
		{2F921A93-BAD0-410B-ADB6-B0D736EE5B52}.Release|x86.ActiveCfg = Release|Any CPU
		{2F921A93-BAD0-410B-ADB6-B0D736EE5B52}.Release|x86.Build.0 = Release|Any CPU
		{0B5A2D78-D19D-43B0-B6C8-05A5D647AA98}.Debug|Any CPU.ActiveCfg = Debug|Any CPU
		{0B5A2D78-D19D-43B0-B6C8-05A5D647AA98}.Debug|Any CPU.Build.0 = Debug|Any CPU
		{0B5A2D78-D19D-43B0-B6C8-05A5D647AA98}.Debug|x64.ActiveCfg = Debug|Any CPU
		{0B5A2D78-D19D-43B0-B6C8-05A5D647AA98}.Debug|x64.Build.0 = Debug|Any CPU
		{0B5A2D78-D19D-43B0-B6C8-05A5D647AA98}.Debug|x86.ActiveCfg = Debug|Any CPU
		{0B5A2D78-D19D-43B0-B6C8-05A5D647AA98}.Debug|x86.Build.0 = Debug|Any CPU
		{0B5A2D78-D19D-43B0-B6C8-05A5D647AA98}.Release|Any CPU.ActiveCfg = Release|Any CPU
		{0B5A2D78-D19D-43B0-B6C8-05A5D647AA98}.Release|Any CPU.Build.0 = Release|Any CPU
		{0B5A2D78-D19D-43B0-B6C8-05A5D647AA98}.Release|x64.ActiveCfg = Release|Any CPU
		{0B5A2D78-D19D-43B0-B6C8-05A5D647AA98}.Release|x64.Build.0 = Release|Any CPU
		{0B5A2D78-D19D-43B0-B6C8-05A5D647AA98}.Release|x86.ActiveCfg = Release|Any CPU
		{0B5A2D78-D19D-43B0-B6C8-05A5D647AA98}.Release|x86.Build.0 = Release|Any CPU
		{15CFE563-0648-438E-83DF-82932F3F5864}.Debug|Any CPU.ActiveCfg = Debug|Any CPU
		{15CFE563-0648-438E-83DF-82932F3F5864}.Debug|Any CPU.Build.0 = Debug|Any CPU
		{15CFE563-0648-438E-83DF-82932F3F5864}.Debug|x64.ActiveCfg = Debug|Any CPU
		{15CFE563-0648-438E-83DF-82932F3F5864}.Debug|x64.Build.0 = Debug|Any CPU
		{15CFE563-0648-438E-83DF-82932F3F5864}.Debug|x86.ActiveCfg = Debug|Any CPU
		{15CFE563-0648-438E-83DF-82932F3F5864}.Debug|x86.Build.0 = Debug|Any CPU
		{15CFE563-0648-438E-83DF-82932F3F5864}.Release|Any CPU.ActiveCfg = Release|Any CPU
		{15CFE563-0648-438E-83DF-82932F3F5864}.Release|Any CPU.Build.0 = Release|Any CPU
		{15CFE563-0648-438E-83DF-82932F3F5864}.Release|x64.ActiveCfg = Release|Any CPU
		{15CFE563-0648-438E-83DF-82932F3F5864}.Release|x64.Build.0 = Release|Any CPU
		{15CFE563-0648-438E-83DF-82932F3F5864}.Release|x86.ActiveCfg = Release|Any CPU
		{15CFE563-0648-438E-83DF-82932F3F5864}.Release|x86.Build.0 = Release|Any CPU
		{06753BCA-988B-4449-9FC8-D8B4BB276CCE}.Debug|Any CPU.ActiveCfg = Debug|Any CPU
		{06753BCA-988B-4449-9FC8-D8B4BB276CCE}.Debug|Any CPU.Build.0 = Debug|Any CPU
		{06753BCA-988B-4449-9FC8-D8B4BB276CCE}.Debug|x64.ActiveCfg = Debug|Any CPU
		{06753BCA-988B-4449-9FC8-D8B4BB276CCE}.Debug|x64.Build.0 = Debug|Any CPU
		{06753BCA-988B-4449-9FC8-D8B4BB276CCE}.Debug|x86.ActiveCfg = Debug|Any CPU
		{06753BCA-988B-4449-9FC8-D8B4BB276CCE}.Debug|x86.Build.0 = Debug|Any CPU
		{06753BCA-988B-4449-9FC8-D8B4BB276CCE}.Release|Any CPU.ActiveCfg = Release|Any CPU
		{06753BCA-988B-4449-9FC8-D8B4BB276CCE}.Release|Any CPU.Build.0 = Release|Any CPU
		{06753BCA-988B-4449-9FC8-D8B4BB276CCE}.Release|x64.ActiveCfg = Release|Any CPU
		{06753BCA-988B-4449-9FC8-D8B4BB276CCE}.Release|x64.Build.0 = Release|Any CPU
		{06753BCA-988B-4449-9FC8-D8B4BB276CCE}.Release|x86.ActiveCfg = Release|Any CPU
		{06753BCA-988B-4449-9FC8-D8B4BB276CCE}.Release|x86.Build.0 = Release|Any CPU
		{C9B93070-900F-420E-86FC-93F4DEEF17CB}.Debug|Any CPU.ActiveCfg = Debug|Any CPU
		{C9B93070-900F-420E-86FC-93F4DEEF17CB}.Debug|Any CPU.Build.0 = Debug|Any CPU
		{C9B93070-900F-420E-86FC-93F4DEEF17CB}.Debug|x64.ActiveCfg = Debug|Any CPU
		{C9B93070-900F-420E-86FC-93F4DEEF17CB}.Debug|x64.Build.0 = Debug|Any CPU
		{C9B93070-900F-420E-86FC-93F4DEEF17CB}.Debug|x86.ActiveCfg = Debug|Any CPU
		{C9B93070-900F-420E-86FC-93F4DEEF17CB}.Debug|x86.Build.0 = Debug|Any CPU
		{C9B93070-900F-420E-86FC-93F4DEEF17CB}.Release|Any CPU.ActiveCfg = Release|Any CPU
		{C9B93070-900F-420E-86FC-93F4DEEF17CB}.Release|Any CPU.Build.0 = Release|Any CPU
		{C9B93070-900F-420E-86FC-93F4DEEF17CB}.Release|x64.ActiveCfg = Release|Any CPU
		{C9B93070-900F-420E-86FC-93F4DEEF17CB}.Release|x64.Build.0 = Release|Any CPU
		{C9B93070-900F-420E-86FC-93F4DEEF17CB}.Release|x86.ActiveCfg = Release|Any CPU
		{C9B93070-900F-420E-86FC-93F4DEEF17CB}.Release|x86.Build.0 = Release|Any CPU
		{384023AB-016E-448A-95B8-1989D3967909}.Debug|Any CPU.ActiveCfg = Debug|Any CPU
		{384023AB-016E-448A-95B8-1989D3967909}.Debug|Any CPU.Build.0 = Debug|Any CPU
		{384023AB-016E-448A-95B8-1989D3967909}.Debug|x64.ActiveCfg = Debug|Any CPU
		{384023AB-016E-448A-95B8-1989D3967909}.Debug|x64.Build.0 = Debug|Any CPU
		{384023AB-016E-448A-95B8-1989D3967909}.Debug|x86.ActiveCfg = Debug|Any CPU
		{384023AB-016E-448A-95B8-1989D3967909}.Debug|x86.Build.0 = Debug|Any CPU
		{384023AB-016E-448A-95B8-1989D3967909}.Release|Any CPU.ActiveCfg = Release|Any CPU
		{384023AB-016E-448A-95B8-1989D3967909}.Release|Any CPU.Build.0 = Release|Any CPU
		{384023AB-016E-448A-95B8-1989D3967909}.Release|x64.ActiveCfg = Release|Any CPU
		{384023AB-016E-448A-95B8-1989D3967909}.Release|x64.Build.0 = Release|Any CPU
		{384023AB-016E-448A-95B8-1989D3967909}.Release|x86.ActiveCfg = Release|Any CPU
		{384023AB-016E-448A-95B8-1989D3967909}.Release|x86.Build.0 = Release|Any CPU
		{514D8201-8B5B-4A4D-AA26-A8B79D7B5DE7}.Debug|Any CPU.ActiveCfg = Debug|Any CPU
		{514D8201-8B5B-4A4D-AA26-A8B79D7B5DE7}.Debug|Any CPU.Build.0 = Debug|Any CPU
		{514D8201-8B5B-4A4D-AA26-A8B79D7B5DE7}.Debug|x64.ActiveCfg = Debug|Any CPU
		{514D8201-8B5B-4A4D-AA26-A8B79D7B5DE7}.Debug|x64.Build.0 = Debug|Any CPU
		{514D8201-8B5B-4A4D-AA26-A8B79D7B5DE7}.Debug|x86.ActiveCfg = Debug|Any CPU
		{514D8201-8B5B-4A4D-AA26-A8B79D7B5DE7}.Debug|x86.Build.0 = Debug|Any CPU
		{514D8201-8B5B-4A4D-AA26-A8B79D7B5DE7}.Release|Any CPU.ActiveCfg = Release|Any CPU
		{514D8201-8B5B-4A4D-AA26-A8B79D7B5DE7}.Release|Any CPU.Build.0 = Release|Any CPU
		{514D8201-8B5B-4A4D-AA26-A8B79D7B5DE7}.Release|x64.ActiveCfg = Release|Any CPU
		{514D8201-8B5B-4A4D-AA26-A8B79D7B5DE7}.Release|x64.Build.0 = Release|Any CPU
		{514D8201-8B5B-4A4D-AA26-A8B79D7B5DE7}.Release|x86.ActiveCfg = Release|Any CPU
		{514D8201-8B5B-4A4D-AA26-A8B79D7B5DE7}.Release|x86.Build.0 = Release|Any CPU
		{65064261-C57E-4295-A569-56B960C1462A}.Debug|Any CPU.ActiveCfg = Debug|Any CPU
		{65064261-C57E-4295-A569-56B960C1462A}.Debug|Any CPU.Build.0 = Debug|Any CPU
		{65064261-C57E-4295-A569-56B960C1462A}.Debug|x64.ActiveCfg = Debug|Any CPU
		{65064261-C57E-4295-A569-56B960C1462A}.Debug|x64.Build.0 = Debug|Any CPU
		{65064261-C57E-4295-A569-56B960C1462A}.Debug|x86.ActiveCfg = Debug|Any CPU
		{65064261-C57E-4295-A569-56B960C1462A}.Debug|x86.Build.0 = Debug|Any CPU
		{65064261-C57E-4295-A569-56B960C1462A}.Release|Any CPU.ActiveCfg = Release|Any CPU
		{65064261-C57E-4295-A569-56B960C1462A}.Release|Any CPU.Build.0 = Release|Any CPU
		{65064261-C57E-4295-A569-56B960C1462A}.Release|x64.ActiveCfg = Release|Any CPU
		{65064261-C57E-4295-A569-56B960C1462A}.Release|x64.Build.0 = Release|Any CPU
		{65064261-C57E-4295-A569-56B960C1462A}.Release|x86.ActiveCfg = Release|Any CPU
		{65064261-C57E-4295-A569-56B960C1462A}.Release|x86.Build.0 = Release|Any CPU
		{89AA263D-AF16-429C-8221-275A17136F3F}.Debug|Any CPU.ActiveCfg = Debug|Any CPU
		{89AA263D-AF16-429C-8221-275A17136F3F}.Debug|Any CPU.Build.0 = Debug|Any CPU
		{89AA263D-AF16-429C-8221-275A17136F3F}.Debug|x64.ActiveCfg = Debug|Any CPU
		{89AA263D-AF16-429C-8221-275A17136F3F}.Debug|x64.Build.0 = Debug|Any CPU
		{89AA263D-AF16-429C-8221-275A17136F3F}.Debug|x86.ActiveCfg = Debug|Any CPU
		{89AA263D-AF16-429C-8221-275A17136F3F}.Debug|x86.Build.0 = Debug|Any CPU
		{89AA263D-AF16-429C-8221-275A17136F3F}.Release|Any CPU.ActiveCfg = Release|Any CPU
		{89AA263D-AF16-429C-8221-275A17136F3F}.Release|Any CPU.Build.0 = Release|Any CPU
		{89AA263D-AF16-429C-8221-275A17136F3F}.Release|x64.ActiveCfg = Release|Any CPU
		{89AA263D-AF16-429C-8221-275A17136F3F}.Release|x64.Build.0 = Release|Any CPU
		{89AA263D-AF16-429C-8221-275A17136F3F}.Release|x86.ActiveCfg = Release|Any CPU
		{89AA263D-AF16-429C-8221-275A17136F3F}.Release|x86.Build.0 = Release|Any CPU
		{7B2342EC-1E7B-40A9-BB89-B5C8A4BDFE2C}.Debug|Any CPU.ActiveCfg = Debug|Any CPU
		{7B2342EC-1E7B-40A9-BB89-B5C8A4BDFE2C}.Debug|Any CPU.Build.0 = Debug|Any CPU
		{7B2342EC-1E7B-40A9-BB89-B5C8A4BDFE2C}.Debug|x64.ActiveCfg = Debug|Any CPU
		{7B2342EC-1E7B-40A9-BB89-B5C8A4BDFE2C}.Debug|x64.Build.0 = Debug|Any CPU
		{7B2342EC-1E7B-40A9-BB89-B5C8A4BDFE2C}.Debug|x86.ActiveCfg = Debug|Any CPU
		{7B2342EC-1E7B-40A9-BB89-B5C8A4BDFE2C}.Debug|x86.Build.0 = Debug|Any CPU
		{7B2342EC-1E7B-40A9-BB89-B5C8A4BDFE2C}.Release|Any CPU.ActiveCfg = Release|Any CPU
		{7B2342EC-1E7B-40A9-BB89-B5C8A4BDFE2C}.Release|Any CPU.Build.0 = Release|Any CPU
		{7B2342EC-1E7B-40A9-BB89-B5C8A4BDFE2C}.Release|x64.ActiveCfg = Release|Any CPU
		{7B2342EC-1E7B-40A9-BB89-B5C8A4BDFE2C}.Release|x64.Build.0 = Release|Any CPU
		{7B2342EC-1E7B-40A9-BB89-B5C8A4BDFE2C}.Release|x86.ActiveCfg = Release|Any CPU
		{7B2342EC-1E7B-40A9-BB89-B5C8A4BDFE2C}.Release|x86.Build.0 = Release|Any CPU
		{50496F75-EF0B-4F43-B7F1-B06CB72A352B}.Debug|Any CPU.ActiveCfg = Debug|Any CPU
		{50496F75-EF0B-4F43-B7F1-B06CB72A352B}.Debug|Any CPU.Build.0 = Debug|Any CPU
		{50496F75-EF0B-4F43-B7F1-B06CB72A352B}.Debug|x64.ActiveCfg = Debug|Any CPU
		{50496F75-EF0B-4F43-B7F1-B06CB72A352B}.Debug|x64.Build.0 = Debug|Any CPU
		{50496F75-EF0B-4F43-B7F1-B06CB72A352B}.Debug|x86.ActiveCfg = Debug|Any CPU
		{50496F75-EF0B-4F43-B7F1-B06CB72A352B}.Debug|x86.Build.0 = Debug|Any CPU
		{50496F75-EF0B-4F43-B7F1-B06CB72A352B}.Release|Any CPU.ActiveCfg = Release|Any CPU
		{50496F75-EF0B-4F43-B7F1-B06CB72A352B}.Release|Any CPU.Build.0 = Release|Any CPU
		{50496F75-EF0B-4F43-B7F1-B06CB72A352B}.Release|x64.ActiveCfg = Release|Any CPU
		{50496F75-EF0B-4F43-B7F1-B06CB72A352B}.Release|x64.Build.0 = Release|Any CPU
		{50496F75-EF0B-4F43-B7F1-B06CB72A352B}.Release|x86.ActiveCfg = Release|Any CPU
		{50496F75-EF0B-4F43-B7F1-B06CB72A352B}.Release|x86.Build.0 = Release|Any CPU
		{08B72F31-AC41-4C46-97C6-A796061EFE7B}.Debug|Any CPU.ActiveCfg = Debug|Any CPU
		{08B72F31-AC41-4C46-97C6-A796061EFE7B}.Debug|Any CPU.Build.0 = Debug|Any CPU
		{08B72F31-AC41-4C46-97C6-A796061EFE7B}.Debug|x64.ActiveCfg = Debug|Any CPU
		{08B72F31-AC41-4C46-97C6-A796061EFE7B}.Debug|x64.Build.0 = Debug|Any CPU
		{08B72F31-AC41-4C46-97C6-A796061EFE7B}.Debug|x86.ActiveCfg = Debug|Any CPU
		{08B72F31-AC41-4C46-97C6-A796061EFE7B}.Debug|x86.Build.0 = Debug|Any CPU
		{08B72F31-AC41-4C46-97C6-A796061EFE7B}.Release|Any CPU.ActiveCfg = Release|Any CPU
		{08B72F31-AC41-4C46-97C6-A796061EFE7B}.Release|Any CPU.Build.0 = Release|Any CPU
		{08B72F31-AC41-4C46-97C6-A796061EFE7B}.Release|x64.ActiveCfg = Release|Any CPU
		{08B72F31-AC41-4C46-97C6-A796061EFE7B}.Release|x64.Build.0 = Release|Any CPU
		{08B72F31-AC41-4C46-97C6-A796061EFE7B}.Release|x86.ActiveCfg = Release|Any CPU
		{08B72F31-AC41-4C46-97C6-A796061EFE7B}.Release|x86.Build.0 = Release|Any CPU
		{B5E6164C-A5EA-4A77-B1B6-8F6902EBF12A}.Debug|Any CPU.ActiveCfg = Debug|Any CPU
		{B5E6164C-A5EA-4A77-B1B6-8F6902EBF12A}.Debug|Any CPU.Build.0 = Debug|Any CPU
		{B5E6164C-A5EA-4A77-B1B6-8F6902EBF12A}.Debug|x64.ActiveCfg = Debug|Any CPU
		{B5E6164C-A5EA-4A77-B1B6-8F6902EBF12A}.Debug|x64.Build.0 = Debug|Any CPU
		{B5E6164C-A5EA-4A77-B1B6-8F6902EBF12A}.Debug|x86.ActiveCfg = Debug|Any CPU
		{B5E6164C-A5EA-4A77-B1B6-8F6902EBF12A}.Debug|x86.Build.0 = Debug|Any CPU
		{B5E6164C-A5EA-4A77-B1B6-8F6902EBF12A}.Release|Any CPU.ActiveCfg = Release|Any CPU
		{B5E6164C-A5EA-4A77-B1B6-8F6902EBF12A}.Release|Any CPU.Build.0 = Release|Any CPU
		{B5E6164C-A5EA-4A77-B1B6-8F6902EBF12A}.Release|x64.ActiveCfg = Release|Any CPU
		{B5E6164C-A5EA-4A77-B1B6-8F6902EBF12A}.Release|x64.Build.0 = Release|Any CPU
		{B5E6164C-A5EA-4A77-B1B6-8F6902EBF12A}.Release|x86.ActiveCfg = Release|Any CPU
		{B5E6164C-A5EA-4A77-B1B6-8F6902EBF12A}.Release|x86.Build.0 = Release|Any CPU
		{29740349-8E53-4BCB-936B-7257AA207D28}.Debug|Any CPU.ActiveCfg = Debug|Any CPU
		{29740349-8E53-4BCB-936B-7257AA207D28}.Debug|Any CPU.Build.0 = Debug|Any CPU
		{29740349-8E53-4BCB-936B-7257AA207D28}.Debug|x64.ActiveCfg = Debug|Any CPU
		{29740349-8E53-4BCB-936B-7257AA207D28}.Debug|x64.Build.0 = Debug|Any CPU
		{29740349-8E53-4BCB-936B-7257AA207D28}.Debug|x86.ActiveCfg = Debug|Any CPU
		{29740349-8E53-4BCB-936B-7257AA207D28}.Debug|x86.Build.0 = Debug|Any CPU
		{29740349-8E53-4BCB-936B-7257AA207D28}.Release|Any CPU.ActiveCfg = Release|Any CPU
		{29740349-8E53-4BCB-936B-7257AA207D28}.Release|Any CPU.Build.0 = Release|Any CPU
		{29740349-8E53-4BCB-936B-7257AA207D28}.Release|x64.ActiveCfg = Release|Any CPU
		{29740349-8E53-4BCB-936B-7257AA207D28}.Release|x64.Build.0 = Release|Any CPU
		{29740349-8E53-4BCB-936B-7257AA207D28}.Release|x86.ActiveCfg = Release|Any CPU
		{29740349-8E53-4BCB-936B-7257AA207D28}.Release|x86.Build.0 = Release|Any CPU
		{3771439C-0D46-4734-8146-4C58291BFAE4}.Debug|Any CPU.ActiveCfg = Debug|Any CPU
		{3771439C-0D46-4734-8146-4C58291BFAE4}.Debug|Any CPU.Build.0 = Debug|Any CPU
		{3771439C-0D46-4734-8146-4C58291BFAE4}.Debug|x64.ActiveCfg = Debug|Any CPU
		{3771439C-0D46-4734-8146-4C58291BFAE4}.Debug|x64.Build.0 = Debug|Any CPU
		{3771439C-0D46-4734-8146-4C58291BFAE4}.Debug|x86.ActiveCfg = Debug|Any CPU
		{3771439C-0D46-4734-8146-4C58291BFAE4}.Debug|x86.Build.0 = Debug|Any CPU
		{3771439C-0D46-4734-8146-4C58291BFAE4}.Release|Any CPU.ActiveCfg = Release|Any CPU
		{3771439C-0D46-4734-8146-4C58291BFAE4}.Release|Any CPU.Build.0 = Release|Any CPU
		{3771439C-0D46-4734-8146-4C58291BFAE4}.Release|x64.ActiveCfg = Release|Any CPU
		{3771439C-0D46-4734-8146-4C58291BFAE4}.Release|x64.Build.0 = Release|Any CPU
		{3771439C-0D46-4734-8146-4C58291BFAE4}.Release|x86.ActiveCfg = Release|Any CPU
		{3771439C-0D46-4734-8146-4C58291BFAE4}.Release|x86.Build.0 = Release|Any CPU
		{FC3FE2DB-9E3D-4BAD-9D18-93AC0FDCB8B5}.Debug|Any CPU.ActiveCfg = Debug|Any CPU
		{FC3FE2DB-9E3D-4BAD-9D18-93AC0FDCB8B5}.Debug|Any CPU.Build.0 = Debug|Any CPU
		{FC3FE2DB-9E3D-4BAD-9D18-93AC0FDCB8B5}.Debug|x64.ActiveCfg = Debug|Any CPU
		{FC3FE2DB-9E3D-4BAD-9D18-93AC0FDCB8B5}.Debug|x64.Build.0 = Debug|Any CPU
		{FC3FE2DB-9E3D-4BAD-9D18-93AC0FDCB8B5}.Debug|x86.ActiveCfg = Debug|Any CPU
		{FC3FE2DB-9E3D-4BAD-9D18-93AC0FDCB8B5}.Debug|x86.Build.0 = Debug|Any CPU
		{FC3FE2DB-9E3D-4BAD-9D18-93AC0FDCB8B5}.Release|Any CPU.ActiveCfg = Release|Any CPU
		{FC3FE2DB-9E3D-4BAD-9D18-93AC0FDCB8B5}.Release|Any CPU.Build.0 = Release|Any CPU
		{FC3FE2DB-9E3D-4BAD-9D18-93AC0FDCB8B5}.Release|x64.ActiveCfg = Release|Any CPU
		{FC3FE2DB-9E3D-4BAD-9D18-93AC0FDCB8B5}.Release|x64.Build.0 = Release|Any CPU
		{FC3FE2DB-9E3D-4BAD-9D18-93AC0FDCB8B5}.Release|x86.ActiveCfg = Release|Any CPU
		{FC3FE2DB-9E3D-4BAD-9D18-93AC0FDCB8B5}.Release|x86.Build.0 = Release|Any CPU
		{A0E8FD7C-74A3-446A-B509-026C2B00E42F}.Debug|Any CPU.ActiveCfg = Debug|Any CPU
		{A0E8FD7C-74A3-446A-B509-026C2B00E42F}.Debug|Any CPU.Build.0 = Debug|Any CPU
		{A0E8FD7C-74A3-446A-B509-026C2B00E42F}.Debug|x64.ActiveCfg = Debug|Any CPU
		{A0E8FD7C-74A3-446A-B509-026C2B00E42F}.Debug|x64.Build.0 = Debug|Any CPU
		{A0E8FD7C-74A3-446A-B509-026C2B00E42F}.Debug|x86.ActiveCfg = Debug|Any CPU
		{A0E8FD7C-74A3-446A-B509-026C2B00E42F}.Debug|x86.Build.0 = Debug|Any CPU
		{A0E8FD7C-74A3-446A-B509-026C2B00E42F}.Release|Any CPU.ActiveCfg = Release|Any CPU
		{A0E8FD7C-74A3-446A-B509-026C2B00E42F}.Release|Any CPU.Build.0 = Release|Any CPU
		{A0E8FD7C-74A3-446A-B509-026C2B00E42F}.Release|x64.ActiveCfg = Release|Any CPU
		{A0E8FD7C-74A3-446A-B509-026C2B00E42F}.Release|x64.Build.0 = Release|Any CPU
		{A0E8FD7C-74A3-446A-B509-026C2B00E42F}.Release|x86.ActiveCfg = Release|Any CPU
		{A0E8FD7C-74A3-446A-B509-026C2B00E42F}.Release|x86.Build.0 = Release|Any CPU
		{BF2CCC30-2F71-4FEC-AA4E-5E0F35D96500}.Debug|Any CPU.ActiveCfg = Debug|Any CPU
		{BF2CCC30-2F71-4FEC-AA4E-5E0F35D96500}.Debug|Any CPU.Build.0 = Debug|Any CPU
		{BF2CCC30-2F71-4FEC-AA4E-5E0F35D96500}.Debug|x64.ActiveCfg = Debug|Any CPU
		{BF2CCC30-2F71-4FEC-AA4E-5E0F35D96500}.Debug|x64.Build.0 = Debug|Any CPU
		{BF2CCC30-2F71-4FEC-AA4E-5E0F35D96500}.Debug|x86.ActiveCfg = Debug|Any CPU
		{BF2CCC30-2F71-4FEC-AA4E-5E0F35D96500}.Debug|x86.Build.0 = Debug|Any CPU
		{BF2CCC30-2F71-4FEC-AA4E-5E0F35D96500}.Release|Any CPU.ActiveCfg = Release|Any CPU
		{BF2CCC30-2F71-4FEC-AA4E-5E0F35D96500}.Release|Any CPU.Build.0 = Release|Any CPU
		{BF2CCC30-2F71-4FEC-AA4E-5E0F35D96500}.Release|x64.ActiveCfg = Release|Any CPU
		{BF2CCC30-2F71-4FEC-AA4E-5E0F35D96500}.Release|x64.Build.0 = Release|Any CPU
		{BF2CCC30-2F71-4FEC-AA4E-5E0F35D96500}.Release|x86.ActiveCfg = Release|Any CPU
		{BF2CCC30-2F71-4FEC-AA4E-5E0F35D96500}.Release|x86.Build.0 = Release|Any CPU
		{B51B35F8-3CBE-4DA7-8FA7-4A4438376241}.Debug|Any CPU.ActiveCfg = Debug|Any CPU
		{B51B35F8-3CBE-4DA7-8FA7-4A4438376241}.Debug|Any CPU.Build.0 = Debug|Any CPU
		{B51B35F8-3CBE-4DA7-8FA7-4A4438376241}.Debug|x64.ActiveCfg = Debug|Any CPU
		{B51B35F8-3CBE-4DA7-8FA7-4A4438376241}.Debug|x64.Build.0 = Debug|Any CPU
		{B51B35F8-3CBE-4DA7-8FA7-4A4438376241}.Debug|x86.ActiveCfg = Debug|Any CPU
		{B51B35F8-3CBE-4DA7-8FA7-4A4438376241}.Debug|x86.Build.0 = Debug|Any CPU
		{B51B35F8-3CBE-4DA7-8FA7-4A4438376241}.Release|Any CPU.ActiveCfg = Release|Any CPU
		{B51B35F8-3CBE-4DA7-8FA7-4A4438376241}.Release|Any CPU.Build.0 = Release|Any CPU
		{B51B35F8-3CBE-4DA7-8FA7-4A4438376241}.Release|x64.ActiveCfg = Release|Any CPU
		{B51B35F8-3CBE-4DA7-8FA7-4A4438376241}.Release|x64.Build.0 = Release|Any CPU
		{B51B35F8-3CBE-4DA7-8FA7-4A4438376241}.Release|x86.ActiveCfg = Release|Any CPU
		{B51B35F8-3CBE-4DA7-8FA7-4A4438376241}.Release|x86.Build.0 = Release|Any CPU
	EndGlobalSection
	GlobalSection(SolutionProperties) = preSolution
		HideSolutionNode = FALSE
	EndGlobalSection
	GlobalSection(NestedProjects) = preSolution
		{B0A8AD46-DA7A-489C-B0DB-A786EDF19A6F} = {B9DA6CF0-897B-4BFB-A23E-00416D11174D}
		{CD64E2C3-C21C-4F1C-AF28-4286F059B864} = {B9DA6CF0-897B-4BFB-A23E-00416D11174D}
		{18DACFD7-3144-4033-9B9C-32922E575216} = {B9DA6CF0-897B-4BFB-A23E-00416D11174D}
		{E4D51B2E-D657-428F-ABE2-7830D3823060} = {18DACFD7-3144-4033-9B9C-32922E575216}
		{7E3C1C1B-4603-40B3-A9FA-3114FD989E99} = {E4D51B2E-D657-428F-ABE2-7830D3823060}
		{78E6C84D-6FC9-4EC5-B755-64A7F6568D92} = {E4D51B2E-D657-428F-ABE2-7830D3823060}
		{2F921A93-BAD0-410B-ADB6-B0D736EE5B52} = {E4D51B2E-D657-428F-ABE2-7830D3823060}
		{38C95C60-C793-4FE7-AD23-347FA892524A} = {18DACFD7-3144-4033-9B9C-32922E575216}
		{0B5A2D78-D19D-43B0-B6C8-05A5D647AA98} = {38C95C60-C793-4FE7-AD23-347FA892524A}
		{15CFE563-0648-438E-83DF-82932F3F5864} = {38C95C60-C793-4FE7-AD23-347FA892524A}
		{06753BCA-988B-4449-9FC8-D8B4BB276CCE} = {38C95C60-C793-4FE7-AD23-347FA892524A}
		{A792C24A-53B9-43C1-B44C-D04E82327698} = {18DACFD7-3144-4033-9B9C-32922E575216}
		{C9B93070-900F-420E-86FC-93F4DEEF17CB} = {A792C24A-53B9-43C1-B44C-D04E82327698}
		{384023AB-016E-448A-95B8-1989D3967909} = {A792C24A-53B9-43C1-B44C-D04E82327698}
		{514D8201-8B5B-4A4D-AA26-A8B79D7B5DE7} = {A792C24A-53B9-43C1-B44C-D04E82327698}
		{5333BE67-CFC4-4405-96DE-15877875EB17} = {18DACFD7-3144-4033-9B9C-32922E575216}
		{65064261-C57E-4295-A569-56B960C1462A} = {5333BE67-CFC4-4405-96DE-15877875EB17}
		{89AA263D-AF16-429C-8221-275A17136F3F} = {5333BE67-CFC4-4405-96DE-15877875EB17}
		{7B2342EC-1E7B-40A9-BB89-B5C8A4BDFE2C} = {5333BE67-CFC4-4405-96DE-15877875EB17}
		{0E0B698B-F7F0-4DC4-AF4E-0B2677A2FBE7} = {18DACFD7-3144-4033-9B9C-32922E575216}
		{50496F75-EF0B-4F43-B7F1-B06CB72A352B} = {0E0B698B-F7F0-4DC4-AF4E-0B2677A2FBE7}
		{08B72F31-AC41-4C46-97C6-A796061EFE7B} = {0E0B698B-F7F0-4DC4-AF4E-0B2677A2FBE7}
		{B5E6164C-A5EA-4A77-B1B6-8F6902EBF12A} = {0E0B698B-F7F0-4DC4-AF4E-0B2677A2FBE7}
		{0C093623-F60B-4D1C-929B-85D36E19284D} = {18DACFD7-3144-4033-9B9C-32922E575216}
		{29740349-8E53-4BCB-936B-7257AA207D28} = {0C093623-F60B-4D1C-929B-85D36E19284D}
		{3771439C-0D46-4734-8146-4C58291BFAE4} = {0C093623-F60B-4D1C-929B-85D36E19284D}
		{FC3FE2DB-9E3D-4BAD-9D18-93AC0FDCB8B5} = {0C093623-F60B-4D1C-929B-85D36E19284D}
		{983EB6C5-D592-E400-C4D8-85C31C00863D} = {B9DA6CF0-897B-4BFB-A23E-00416D11174D}
		{A0E8FD7C-74A3-446A-B509-026C2B00E42F} = {983EB6C5-D592-E400-C4D8-85C31C00863D}
		{BF2CCC30-2F71-4FEC-AA4E-5E0F35D96500} = {0AB3BF05-4346-4AA6-1389-037BE0695223}
		{937AE5E0-CA9B-20CC-BF88-1420C2606093} = {B9DA6CF0-897B-4BFB-A23E-00416D11174D}
		{B30E42A4-BD7A-215F-526E-B4D6EB03CFBF} = {5333BE67-CFC4-4405-96DE-15877875EB17}
		{FDD4AB17-B7D7-20A8-8F3F-511669C6759F} = {A792C24A-53B9-43C1-B44C-D04E82327698}
		{C75F00F6-17A6-5CD8-9F70-4E51F944BCAF} = {38C95C60-C793-4FE7-AD23-347FA892524A}
		{2CE656D1-A470-0BA6-0D8C-956630721EF3} = {E4D51B2E-D657-428F-ABE2-7830D3823060}
		{B51B35F8-3CBE-4DA7-8FA7-4A4438376241} = {0AB3BF05-4346-4AA6-1389-037BE0695223}
		{10BC16A3-B566-1377-52F4-C36D166C12BE} = {B9DA6CF0-897B-4BFB-A23E-00416D11174D}
	EndGlobalSection
EndGlobal
